
Microsoft Visual Studio Solution File, Format Version 12.00
# Visual Studio 15
Project("{FAE04EC0-301F-11D3-BF4B-00C04F79EFBC}") = "Assembly-CSharp", "Assembly-CSharp.csproj", "{763D12A0-C570-F37F-8A8B-CEE1B2404A77}"
EndProject
Project("{FAE04EC0-301F-11D3-BF4B-00C04F79EFBC}") = "Assembly-CSharp-Editor", "Assembly-CSharp-Editor.csproj", "{F698A5EB-EA2E-BE7A-B3D1-79E48E6C30A9}"
EndProject
Global
	GlobalSection(SolutionConfigurationPlatforms) = preSolution
		Debug|Any CPU = Debug|Any CPU
		Release|Any CPU = Release|Any CPU
	EndGlobalSection
	GlobalSection(ProjectConfigurationPlatforms) = postSolution
		{763D12A0-C570-F37F-8A8B-CEE1B2404A77}.Debug|Any CPU.ActiveCfg = Debug|Any CPU
		{763D12A0-C570-F37F-8A8B-CEE1B2404A77}.Debug|Any CPU.Build.0 = Debug|Any CPU
		{763D12A0-C570-F37F-8A8B-CEE1B2404A77}.Release|Any CPU.ActiveCfg = Release|Any CPU
		{763D12A0-C570-F37F-8A8B-CEE1B2404A77}.Release|Any CPU.Build.0 = Release|Any CPU
		{F698A5EB-EA2E-BE7A-B3D1-79E48E6C30A9}.Debug|Any CPU.ActiveCfg = Debug|Any CPU
		{F698A5EB-EA2E-BE7A-B3D1-79E48E6C30A9}.Debug|Any CPU.Build.0 = Debug|Any CPU
		{F698A5EB-EA2E-BE7A-B3D1-79E48E6C30A9}.Release|Any CPU.ActiveCfg = Release|Any CPU
		{F698A5EB-EA2E-BE7A-B3D1-79E48E6C30A9}.Release|Any CPU.Build.0 = Release|Any CPU
	EndGlobalSection
	GlobalSection(SolutionProperties) = preSolution
		HideSolutionNode = FALSE
	EndGlobalSection
EndGlobal
